
Microsoft Visual Studio Solution File, Format Version 12.00
# Visual Studio Version 17
VisualStudioVersion = 17.9.34607.119
MinimumVisualStudioVersion = 10.0.40219.1
Project("{9A19103F-16F7-4668-BE54-9A1E7A4F7556}") = "SGSMTube-Lib", "SGSMTube-Lib\SGSMTube-Lib.csproj", "{09B73562-9CFD-4E4D-B317-AFA196F3C3C8}"
EndProject
Project("{9A19103F-16F7-4668-BE54-9A1E7A4F7556}") = "SGSMTube", "SGSMTube\SGSMTube.csproj", "{8841E864-0EB4-4D98-BD9F-009726108692}"
EndProject
Project("{9A19103F-16F7-4668-BE54-9A1E7A4F7556}") = "SGSMTube-Web", "SGSMTube-Web\SGSMTube-Web.csproj", "{1E54B2CB-8E30-43EE-B650-512AFE69AF1C}"
EndProject
Global
	GlobalSection(SolutionConfigurationPlatforms) = preSolution
		Debug|Any CPU = Debug|Any CPU
		Release|Any CPU = Release|Any CPU
	EndGlobalSection
	GlobalSection(ProjectConfigurationPlatforms) = postSolution
		{09B73562-9CFD-4E4D-B317-AFA196F3C3C8}.Debug|Any CPU.ActiveCfg = Debug|Any CPU
		{09B73562-9CFD-4E4D-B317-AFA196F3C3C8}.Debug|Any CPU.Build.0 = Debug|Any CPU
		{09B73562-9CFD-4E4D-B317-AFA196F3C3C8}.Release|Any CPU.ActiveCfg = Release|Any CPU
		{09B73562-9CFD-4E4D-B317-AFA196F3C3C8}.Release|Any CPU.Build.0 = Release|Any CPU
		{8841E864-0EB4-4D98-BD9F-009726108692}.Debug|Any CPU.ActiveCfg = Debug|Any CPU
		{8841E864-0EB4-4D98-BD9F-009726108692}.Debug|Any CPU.Build.0 = Debug|Any CPU
		{8841E864-0EB4-4D98-BD9F-009726108692}.Release|Any CPU.ActiveCfg = Release|Any CPU
		{8841E864-0EB4-4D98-BD9F-009726108692}.Release|Any CPU.Build.0 = Release|Any CPU
		{1E54B2CB-8E30-43EE-B650-512AFE69AF1C}.Debug|Any CPU.ActiveCfg = Debug|Any CPU
		{1E54B2CB-8E30-43EE-B650-512AFE69AF1C}.Debug|Any CPU.Build.0 = Debug|Any CPU
		{1E54B2CB-8E30-43EE-B650-512AFE69AF1C}.Release|Any CPU.ActiveCfg = Release|Any CPU
		{1E54B2CB-8E30-43EE-B650-512AFE69AF1C}.Release|Any CPU.Build.0 = Release|Any CPU
	EndGlobalSection
	GlobalSection(SolutionProperties) = preSolution
		HideSolutionNode = FALSE
	EndGlobalSection
	GlobalSection(ExtensibilityGlobals) = postSolution
		SolutionGuid = {4706AFFB-51D6-4208-91BE-2FA054A418CD}
	EndGlobalSection
EndGlobal
